
Microsoft Visual Studio Solution File, Format Version 12.00
# Visual Studio 15
VisualStudioVersion = 15.0.28307.271
MinimumVisualStudioVersion = 10.0.40219.1
Project("{FAE04EC0-301F-11D3-BF4B-00C04F79EFBC}") = "RentCar", "RentCar\RentCar.csproj", "{71DC5D76-CC10-462B-A20D-47D3A1DF4E3C}"
EndProject
Global
	GlobalSection(SolutionConfigurationPlatforms) = preSolution
		Debug|Any CPU = Debug|Any CPU
		Release|Any CPU = Release|Any CPU
	EndGlobalSection
	GlobalSection(ProjectConfigurationPlatforms) = postSolution
		{71DC5D76-CC10-462B-A20D-47D3A1DF4E3C}.Debug|Any CPU.ActiveCfg = Debug|Any CPU
		{71DC5D76-CC10-462B-A20D-47D3A1DF4E3C}.Debug|Any CPU.Build.0 = Debug|Any CPU
		{71DC5D76-CC10-462B-A20D-47D3A1DF4E3C}.Release|Any CPU.ActiveCfg = Release|Any CPU
		{71DC5D76-CC10-462B-A20D-47D3A1DF4E3C}.Release|Any CPU.Build.0 = Release|Any CPU
	EndGlobalSection
	GlobalSection(SolutionProperties) = preSolution
		HideSolutionNode = FALSE
	EndGlobalSection
	GlobalSection(ExtensibilityGlobals) = postSolution
		SolutionGuid = {4A8D677D-16CA-417E-94D6-E6F3414D83C4}
	EndGlobalSection
EndGlobal
